// !$*UTF8*$!
{
	archiveVersion = 1;
	classes = {
	};
	objectVersion = 50;
	objects = {

/* Begin PBXBuildFile section */
		31C6F42326A5D1F400525B04 /* AppDelegate.swift in Sources */ = {isa = PBXBuildFile; fileRef = 31C6F42226A5D1F400525B04 /* AppDelegate.swift */; };
		31C6F42526A5D1F400525B04 /* SceneDelegate.swift in Sources */ = {isa = PBXBuildFile; fileRef = 31C6F42426A5D1F400525B04 /* SceneDelegate.swift */; };
		31C6F42C26A5D1F400525B04 /* Assets.xcassets in Resources */ = {isa = PBXBuildFile; fileRef = 31C6F42B26A5D1F400525B04 /* Assets.xcassets */; };
		31C6F42F26A5D1F400525B04 /* LaunchScreen.storyboard in Resources */ = {isa = PBXBuildFile; fileRef = 31C6F42D26A5D1F400525B04 /* LaunchScreen.storyboard */; };
		31C6F43926A5D28E00525B04 /* TableOfLaunchesVC.swift in Sources */ = {isa = PBXBuildFile; fileRef = 31C6F43826A5D28E00525B04 /* TableOfLaunchesVC.swift */; };
		31C6F43B26A5D29E00525B04 /* TableOfLaunchesModel.swift in Sources */ = {isa = PBXBuildFile; fileRef = 31C6F43A26A5D29E00525B04 /* TableOfLaunchesModel.swift */; };
		31C6F43D26A5D5F700525B04 /* Structs.swift in Sources */ = {isa = PBXBuildFile; fileRef = 31C6F43C26A5D5F700525B04 /* Structs.swift */; };
		31D0D6D826A5E26600514113 /* TableOfLaunchesCell.swift in Sources */ = {isa = PBXBuildFile; fileRef = 31D0D6D726A5E26600514113 /* TableOfLaunchesCell.swift */; };
		31D0D6DA26A5F61300514113 /* DetailVC.swift in Sources */ = {isa = PBXBuildFile; fileRef = 31D0D6D926A5F61300514113 /* DetailVC.swift */; };
/* End PBXBuildFile section */

/* Begin PBXFileReference section */
		31C6F41F26A5D1F400525B04 /* SpaceXLaunches.app */ = {isa = PBXFileReference; explicitFileType = wrapper.application; includeInIndex = 0; path = SpaceXLaunches.app; sourceTree = BUILT_PRODUCTS_DIR; };
		31C6F42226A5D1F400525B04 /* AppDelegate.swift */ = {isa = PBXFileReference; lastKnownFileType = sourcecode.swift; path = AppDelegate.swift; sourceTree = "<group>"; };
		31C6F42426A5D1F400525B04 /* SceneDelegate.swift */ = {isa = PBXFileReference; lastKnownFileType = sourcecode.swift; path = SceneDelegate.swift; sourceTree = "<group>"; };
		31C6F42B26A5D1F400525B04 /* Assets.xcassets */ = {isa = PBXFileReference; lastKnownFileType = folder.assetcatalog; path = Assets.xcassets; sourceTree = "<group>"; };
		31C6F42E26A5D1F400525B04 /* Base */ = {isa = PBXFileReference; lastKnownFileType = file.storyboard; name = Base; path = Base.lproj/LaunchScreen.storyboard; sourceTree = "<group>"; };
		31C6F43026A5D1F400525B04 /* Info.plist */ = {isa = PBXFileReference; lastKnownFileType = text.plist.xml; path = Info.plist; sourceTree = "<group>"; };
		31C6F43826A5D28E00525B04 /* TableOfLaunchesVC.swift */ = {isa = PBXFileReference; lastKnownFileType = sourcecode.swift; path = TableOfLaunchesVC.swift; sourceTree = "<group>"; };
		31C6F43A26A5D29E00525B04 /* TableOfLaunchesModel.swift */ = {isa = PBXFileReference; lastKnownFileType = sourcecode.swift; path = TableOfLaunchesModel.swift; sourceTree = "<group>"; };
		31C6F43C26A5D5F700525B04 /* Structs.swift */ = {isa = PBXFileReference; lastKnownFileType = sourcecode.swift; path = Structs.swift; sourceTree = "<group>"; };
		31D0D6D726A5E26600514113 /* TableOfLaunchesCell.swift */ = {isa = PBXFileReference; lastKnownFileType = sourcecode.swift; path = TableOfLaunchesCell.swift; sourceTree = "<group>"; };
		31D0D6D926A5F61300514113 /* DetailVC.swift */ = {isa = PBXFileReference; lastKnownFileType = sourcecode.swift; path = DetailVC.swift; sourceTree = "<group>"; };
/* End PBXFileReference section */

/* Begin PBXFrameworksBuildPhase section */
		31C6F41C26A5D1F400525B04 /* Frameworks */ = {
			isa = PBXFrameworksBuildPhase;
			buildActionMask = 2147483647;
			files = (
			);
			runOnlyForDeploymentPostprocessing = 0;
		};
/* End PBXFrameworksBuildPhase section */

/* Begin PBXGroup section */
		31C6F41626A5D1F400525B04 = {
			isa = PBXGroup;
			children = (
				31C6F42126A5D1F400525B04 /* SpaceXLaunches */,
				31C6F42026A5D1F400525B04 /* Products */,
			);
			sourceTree = "<group>";
		};
		31C6F42026A5D1F400525B04 /* Products */ = {
			isa = PBXGroup;
			children = (
				31C6F41F26A5D1F400525B04 /* SpaceXLaunches.app */,
			);
			name = Products;
			sourceTree = "<group>";
		};
		31C6F42126A5D1F400525B04 /* SpaceXLaunches */ = {
			isa = PBXGroup;
			children = (
				31C6F42226A5D1F400525B04 /* AppDelegate.swift */,
				31C6F42426A5D1F400525B04 /* SceneDelegate.swift */,
				31C6F43626A5D23D00525B04 /* TableOfLaunches */,
				31C6F43726A5D25400525B04 /* DetailView */,
				31C6F42B26A5D1F400525B04 /* Assets.xcassets */,
				31C6F42D26A5D1F400525B04 /* LaunchScreen.storyboard */,
				31C6F43026A5D1F400525B04 /* Info.plist */,
			);
			path = SpaceXLaunches;
			sourceTree = "<group>";
		};
		31C6F43626A5D23D00525B04 /* TableOfLaunches */ = {
			isa = PBXGroup;
			children = (
				31C6F43826A5D28E00525B04 /* TableOfLaunchesVC.swift */,
				31C6F43A26A5D29E00525B04 /* TableOfLaunchesModel.swift */,
				31C6F43C26A5D5F700525B04 /* Structs.swift */,
				31D0D6D626A5E25300514113 /* Cells */,
			);
			path = TableOfLaunches;
			sourceTree = "<group>";
		};
		31C6F43726A5D25400525B04 /* DetailView */ = {
			isa = PBXGroup;
			children = (
				31D0D6D926A5F61300514113 /* DetailVC.swift */,
			);
			path = DetailView;
			sourceTree = "<group>";
		};
		31D0D6D626A5E25300514113 /* Cells */ = {
			isa = PBXGroup;
			children = (
				31D0D6D726A5E26600514113 /* TableOfLaunchesCell.swift */,
			);
			path = Cells;
			sourceTree = "<group>";
		};
/* End PBXGroup section */

/* Begin PBXNativeTarget section */
		31C6F41E26A5D1F400525B04 /* SpaceXLaunches */ = {
			isa = PBXNativeTarget;
			buildConfigurationList = 31C6F43326A5D1F400525B04 /* Build configuration list for PBXNativeTarget "SpaceXLaunches" */;
			buildPhases = (
				31C6F41B26A5D1F400525B04 /* Sources */,
				31C6F41C26A5D1F400525B04 /* Frameworks */,
				31C6F41D26A5D1F400525B04 /* Resources */,
			);
			buildRules = (
			);
			dependencies = (
			);
			name = SpaceXLaunches;
			productName = SpaceXLaunches;
			productReference = 31C6F41F26A5D1F400525B04 /* SpaceXLaunches.app */;
			productType = "com.apple.product-type.application";
		};
/* End PBXNativeTarget section */

/* Begin PBXProject section */
		31C6F41726A5D1F400525B04 /* Project object */ = {
			isa = PBXProject;
			attributes = {
				LastSwiftUpdateCheck = 1250;
				LastUpgradeCheck = 1250;
				TargetAttributes = {
					31C6F41E26A5D1F400525B04 = {
						CreatedOnToolsVersion = 12.5;
					};
				};
			};
			buildConfigurationList = 31C6F41A26A5D1F400525B04 /* Build configuration list for PBXProject "SpaceXLaunches" */;
			compatibilityVersion = "Xcode 9.3";
			developmentRegion = en;
			hasScannedForEncodings = 0;
			knownRegions = (
				en,
				Base,
			);
			mainGroup = 31C6F41626A5D1F400525B04;
			productRefGroup = 31C6F42026A5D1F400525B04 /* Products */;
			projectDirPath = "";
			projectRoot = "";
			targets = (
				31C6F41E26A5D1F400525B04 /* SpaceXLaunches */,
			);
		};
/* End PBXProject section */

/* Begin PBXResourcesBuildPhase section */
		31C6F41D26A5D1F400525B04 /* Resources */ = {
			isa = PBXResourcesBuildPhase;
			buildActionMask = 2147483647;
			files = (
				31C6F42F26A5D1F400525B04 /* LaunchScreen.storyboard in Resources */,
				31C6F42C26A5D1F400525B04 /* Assets.xcassets in Resources */,
			);
			runOnlyForDeploymentPostprocessing = 0;
		};
/* End PBXResourcesBuildPhase section */

/* Begin PBXSourcesBuildPhase section */
		31C6F41B26A5D1F400525B04 /* Sources */ = {
			isa = PBXSourcesBuildPhase;
			buildActionMask = 2147483647;
			files = (
				31D0D6D826A5E26600514113 /* TableOfLaunchesCell.swift in Sources */,
				31C6F43B26A5D29E00525B04 /* TableOfLaunchesModel.swift in Sources */,
				31D0D6DA26A5F61300514113 /* DetailVC.swift in Sources */,
				31C6F42326A5D1F400525B04 /* AppDelegate.swift in Sources */,
				31C6F43D26A5D5F700525B04 /* Structs.swift in Sources */,
				31C6F42526A5D1F400525B04 /* SceneDelegate.swift in Sources */,
				31C6F43926A5D28E00525B04 /* TableOfLaunchesVC.swift in Sources */,
			);
			runOnlyForDeploymentPostprocessing = 0;
		};
/* End PBXSourcesBuildPhase section */

/* Begin PBXVariantGroup section */
		31C6F42D26A5D1F400525B04 /* LaunchScreen.storyboard */ = {
			isa = PBXVariantGroup;
			children = (
				31C6F42E26A5D1F400525B04 /* Base */,
			);
			name = LaunchScreen.storyboard;
			sourceTree = "<group>";
		};
/* End PBXVariantGroup section */

/* Begin XCBuildConfiguration section */
		31C6F43126A5D1F400525B04 /* Debug */ = {
			isa = XCBuildConfiguration;
			buildSettings = {
				ALWAYS_SEARCH_USER_PATHS = NO;
				CLANG_ANALYZER_NONNULL = YES;
				CLANG_ANALYZER_NUMBER_OBJECT_CONVERSION = YES_AGGRESSIVE;
				CLANG_CXX_LANGUAGE_STANDARD = "gnu++14";
				CLANG_CXX_LIBRARY = "libc++";
				CLANG_ENABLE_MODULES = YES;
				CLANG_ENABLE_OBJC_ARC = YES;
				CLANG_ENABLE_OBJC_WEAK = YES;
				CLANG_WARN_BLOCK_CAPTURE_AUTORELEASING = YES;
				CLANG_WARN_BOOL_CONVERSION = YES;
				CLANG_WARN_COMMA = YES;
				CLANG_WARN_CONSTANT_CONVERSION = YES;
				CLANG_WARN_DEPRECATED_OBJC_IMPLEMENTATIONS = YES;
				CLANG_WARN_DIRECT_OBJC_ISA_USAGE = YES_ERROR;
				CLANG_WARN_DOCUMENTATION_COMMENTS = YES;
				CLANG_WARN_EMPTY_BODY = YES;
				CLANG_WARN_ENUM_CONVERSION = YES;
				CLANG_WARN_INFINITE_RECURSION = YES;
				CLANG_WARN_INT_CONVERSION = YES;
				CLANG_WARN_NON_LITERAL_NULL_CONVERSION = YES;
				CLANG_WARN_OBJC_IMPLICIT_RETAIN_SELF = YES;
				CLANG_WARN_OBJC_LITERAL_CONVERSION = YES;
				CLANG_WARN_OBJC_ROOT_CLASS = YES_ERROR;
				CLANG_WARN_QUOTED_INCLUDE_IN_FRAMEWORK_HEADER = YES;
				CLANG_WARN_RANGE_LOOP_ANALYSIS = YES;
				CLANG_WARN_STRICT_PROTOTYPES = YES;
				CLANG_WARN_SUSPICIOUS_MOVE = YES;
				CLANG_WARN_UNGUARDED_AVAILABILITY = YES_AGGRESSIVE;
				CLANG_WARN_UNREACHABLE_CODE = YES;
				CLANG_WARN__DUPLICATE_METHOD_MATCH = YES;
				COPY_PHASE_STRIP = NO;
				DEBUG_INFORMATION_FORMAT = dwarf;
				ENABLE_STRICT_OBJC_MSGSEND = YES;
				ENABLE_TESTABILITY = YES;
				GCC_C_LANGUAGE_STANDARD = gnu11;
				GCC_DYNAMIC_NO_PIC = NO;
				GCC_NO_COMMON_BLOCKS = YES;
				GCC_OPTIMIZATION_LEVEL = 0;
				GCC_PREPROCESSOR_DEFINITIONS = (
					"DEBUG=1",
					"$(inherited)",
				);
				GCC_WARN_64_TO_32_BIT_CONVERSION = YES;
				GCC_WARN_ABOUT_RETURN_TYPE = YES_ERROR;
				GCC_WARN_UNDECLARED_SELECTOR = YES;
				GCC_WARN_UNINITIALIZED_AUTOS = YES_AGGRESSIVE;
				GCC_WARN_UNUSED_FUNCTION = YES;
				GCC_WARN_UNUSED_VARIABLE = YES;
				IPHONEOS_DEPLOYMENT_TARGET = 14.5;
				MTL_ENABLE_DEBUG_INFO = INCLUDE_SOURCE;
				MTL_FAST_MATH = YES;
				ONLY_ACTIVE_ARCH = YES;
				SDKROOT = iphoneos;
				SWIFT_ACTIVE_COMPILATION_CONDITIONS = DEBUG;
				SWIFT_OPTIMIZATION_LEVEL = "-Onone";
			};
			name = Debug;
		};
		31C6F43226A5D1F400525B04 /* Release */ = {
			isa = XCBuildConfiguration;
			buildSettings = {
				ALWAYS_SEARCH_USER_PATHS = NO;
				CLANG_ANALYZER_NONNULL = YES;
				CLANG_ANALYZER_NUMBER_OBJECT_CONVERSION = YES_AGGRESSIVE;
				CLANG_CXX_LANGUAGE_STANDARD = "gnu++14";
				CLANG_CXX_LIBRARY = "libc++";
				CLANG_ENABLE_MODULES = YES;
				CLANG_ENABLE_OBJC_ARC = YES;
				CLANG_ENABLE_OBJC_WEAK = YES;
				CLANG_WARN_BLOCK_CAPTURE_AUTORELEASING = YES;
				CLANG_WARN_BOOL_CONVERSION = YES;
				CLANG_WARN_COMMA = YES;
				CLANG_WARN_CONSTANT_CONVERSION = YES;
				CLANG_WARN_DEPRECATED_OBJC_IMPLEMENTATIONS = YES;
				CLANG_WARN_DIRECT_OBJC_ISA_USAGE = YES_ERROR;
				CLANG_WARN_DOCUMENTATION_COMMENTS = YES;
				CLANG_WARN_EMPTY_BODY = YES;
				CLANG_WARN_ENUM_CONVERSION = YES;
				CLANG_WARN_INFINITE_RECURSION = YES;
				CLANG_WARN_INT_CONVERSION = YES;
				CLANG_WARN_NON_LITERAL_NULL_CONVERSION = YES;
				CLANG_WARN_OBJC_IMPLICIT_RETAIN_SELF = YES;
				CLANG_WARN_OBJC_LITERAL_CONVERSION = YES;
				CLANG_WARN_OBJC_ROOT_CLASS = YES_ERROR;
				CLANG_WARN_QUOTED_INCLUDE_IN_FRAMEWORK_HEADER = YES;
				CLANG_WARN_RANGE_LOOP_ANALYSIS = YES;
				CLANG_WARN_STRICT_PROTOTYPES = YES;
				CLANG_WARN_SUSPICIOUS_MOVE = YES;
				CLANG_WARN_UNGUARDED_AVAILABILITY = YES_AGGRESSIVE;
				CLANG_WARN_UNREACHABLE_CODE = YES;
				CLANG_WARN__DUPLICATE_METHOD_MATCH = YES;
				COPY_PHASE_STRIP = NO;
				DEBUG_INFORMATION_FORMAT = "dwarf-with-dsym";
				ENABLE_NS_ASSERTIONS = NO;
				ENABLE_STRICT_OBJC_MSGSEND = YES;
				GCC_C_LANGUAGE_STANDARD = gnu11;
				GCC_NO_COMMON_BLOCKS = YES;
				GCC_WARN_64_TO_32_BIT_CONVERSION = YES;
				GCC_WARN_ABOUT_RETURN_TYPE = YES_ERROR;
				GCC_WARN_UNDECLARED_SELECTOR = YES;
				GCC_WARN_UNINITIALIZED_AUTOS = YES_AGGRESSIVE;
				GCC_WARN_UNUSED_FUNCTION = YES;
				GCC_WARN_UNUSED_VARIABLE = YES;
				IPHONEOS_DEPLOYMENT_TARGET = 14.5;
				MTL_ENABLE_DEBUG_INFO = NO;
				MTL_FAST_MATH = YES;
				SDKROOT = iphoneos;
				SWIFT_COMPILATION_MODE = wholemodule;
				SWIFT_OPTIMIZATION_LEVEL = "-O";
				VALIDATE_PRODUCT = YES;
			};
			name = Release;
		};
		31C6F43426A5D1F400525B04 /* Debug */ = {
			isa = XCBuildConfiguration;
			buildSettings = {
				ASSETCATALOG_COMPILER_APPICON_NAME = AppIcon;
				ASSETCATALOG_COMPILER_GLOBAL_ACCENT_COLOR_NAME = AccentColor;
				CODE_SIGN_STYLE = Automatic;
				DEVELOPMENT_TEAM = X4CC3P473W;
				INFOPLIST_FILE = SpaceXLaunches/Info.plist;
				IPHONEOS_DEPLOYMENT_TARGET = 13.0;
				LD_RUNPATH_SEARCH_PATHS = (
					"$(inherited)",
					"@executable_path/Frameworks",
				);
				PRODUCT_BUNDLE_IDENTIFIER = akasoul.SpaceXLaunches;
				PRODUCT_NAME = "$(TARGET_NAME)";
				SWIFT_VERSION = 5.0;
				TARGETED_DEVICE_FAMILY = "1,2";
			};
			name = Debug;
		};
		31C6F43526A5D1F400525B04 /* Release */ = {
			isa = XCBuildConfiguration;
			buildSettings = {
				ASSETCATALOG_COMPILER_APPICON_NAME = AppIcon;
				ASSETCATALOG_COMPILER_GLOBAL_ACCENT_COLOR_NAME = AccentColor;
				CODE_SIGN_STYLE = Automatic;
				DEVELOPMENT_TEAM = X4CC3P473W;
				INFOPLIST_FILE = SpaceXLaunches/Info.plist;
				IPHONEOS_DEPLOYMENT_TARGET = 13.0;
				LD_RUNPATH_SEARCH_PATHS = (
					"$(inherited)",
					"@executable_path/Frameworks",
				);
				PRODUCT_BUNDLE_IDENTIFIER = akasoul.SpaceXLaunches;
				PRODUCT_NAME = "$(TARGET_NAME)";
				SWIFT_VERSION = 5.0;
				TARGETED_DEVICE_FAMILY = "1,2";
			};
			name = Release;
		};
/* End XCBuildConfiguration section */

/* Begin XCConfigurationList section */
		31C6F41A26A5D1F400525B04 /* Build configuration list for PBXProject "SpaceXLaunches" */ = {
			isa = XCConfigurationList;
			buildConfigurations = (
				31C6F43126A5D1F400525B04 /* Debug */,
				31C6F43226A5D1F400525B04 /* Release */,
			);
			defaultConfigurationIsVisible = 0;
			defaultConfigurationName = Release;
		};
		31C6F43326A5D1F400525B04 /* Build configuration list for PBXNativeTarget "SpaceXLaunches" */ = {
			isa = XCConfigurationList;
			buildConfigurations = (
				31C6F43426A5D1F400525B04 /* Debug */,
				31C6F43526A5D1F400525B04 /* Release */,
			);
			defaultConfigurationIsVisible = 0;
			defaultConfigurationName = Release;
		};
/* End XCConfigurationList section */
	};
	rootObject = 31C6F41726A5D1F400525B04 /* Project object */;
}
